
Microsoft Visual Studio Solution File, Format Version 12.00
# Visual Studio Version 17
VisualStudioVersion = 17.6.33723.286
MinimumVisualStudioVersion = 10.0.40219.1
Project("{FAE04EC0-301F-11D3-BF4B-00C04F79EFBC}") = "Water Project", "Water Project.csproj", "{FD97B416-6A7A-4991-B74E-6791B8AEFF65}"
EndProject
Project("{FAE04EC0-301F-11D3-BF4B-00C04F79EFBC}") = "Water Project.Test", "..\Water Project.Test\Water Project.Test.csproj", "{E5482213-C79F-4F8D-BA4A-5F84B87AA906}"
EndProject
Global
	GlobalSection(SolutionConfigurationPlatforms) = preSolution
		Debug|Any CPU = Debug|Any CPU
		Release|Any CPU = Release|Any CPU
	EndGlobalSection
	GlobalSection(ProjectConfigurationPlatforms) = postSolution
		{FD97B416-6A7A-4991-B74E-6791B8AEFF65}.Debug|Any CPU.ActiveCfg = Debug|Any CPU
		{FD97B416-6A7A-4991-B74E-6791B8AEFF65}.Debug|Any CPU.Build.0 = Debug|Any CPU
		{FD97B416-6A7A-4991-B74E-6791B8AEFF65}.Release|Any CPU.ActiveCfg = Release|Any CPU
		{FD97B416-6A7A-4991-B74E-6791B8AEFF65}.Release|Any CPU.Build.0 = Release|Any CPU
		{E5482213-C79F-4F8D-BA4A-5F84B87AA906}.Debug|Any CPU.ActiveCfg = Debug|Any CPU
		{E5482213-C79F-4F8D-BA4A-5F84B87AA906}.Debug|Any CPU.Build.0 = Debug|Any CPU
		{E5482213-C79F-4F8D-BA4A-5F84B87AA906}.Release|Any CPU.ActiveCfg = Release|Any CPU
		{E5482213-C79F-4F8D-BA4A-5F84B87AA906}.Release|Any CPU.Build.0 = Release|Any CPU
	EndGlobalSection
	GlobalSection(SolutionProperties) = preSolution
		HideSolutionNode = FALSE
	EndGlobalSection
	GlobalSection(ExtensibilityGlobals) = postSolution
		SolutionGuid = {C66CB287-4277-4999-9801-22DA78054889}
	EndGlobalSection
EndGlobal
