
Microsoft Visual Studio Solution File, Format Version 12.00
# Visual Studio Version 17
VisualStudioVersion = 17.6.33723.286
MinimumVisualStudioVersion = 10.0.40219.1
Project("{FAE04EC0-301F-11D3-BF4B-00C04F79EFBC}") = "Codealong 31-09-2023", "Codealong 31-09-2023.csproj", "{AAA5B8B7-A78E-4BFC-8D80-94DCEFFFF4FF}"
EndProject
Global
	GlobalSection(SolutionConfigurationPlatforms) = preSolution
		Debug|Any CPU = Debug|Any CPU
		Release|Any CPU = Release|Any CPU
	EndGlobalSection
	GlobalSection(ProjectConfigurationPlatforms) = postSolution
		{AAA5B8B7-A78E-4BFC-8D80-94DCEFFFF4FF}.Debug|Any CPU.ActiveCfg = Debug|Any CPU
		{AAA5B8B7-A78E-4BFC-8D80-94DCEFFFF4FF}.Debug|Any CPU.Build.0 = Debug|Any CPU
		{AAA5B8B7-A78E-4BFC-8D80-94DCEFFFF4FF}.Release|Any CPU.ActiveCfg = Release|Any CPU
		{AAA5B8B7-A78E-4BFC-8D80-94DCEFFFF4FF}.Release|Any CPU.Build.0 = Release|Any CPU
	EndGlobalSection
	GlobalSection(SolutionProperties) = preSolution
		HideSolutionNode = FALSE
	EndGlobalSection
	GlobalSection(ExtensibilityGlobals) = postSolution
		SolutionGuid = {44905825-D07C-46C1-BE93-04A11E2B7FB0}
	EndGlobalSection
EndGlobal
