
Microsoft Visual Studio Solution File, Format Version 12.00
# Visual Studio Version 17
VisualStudioVersion = 17.5.33627.172
MinimumVisualStudioVersion = 10.0.40219.1
Project("{FAE04EC0-301F-11D3-BF4B-00C04F79EFBC}") = "Console App", "Console App\Console App.csproj", "{3228D22B-075C-48A5-B0C4-DCFE5439EEDF}"
EndProject
Global
	GlobalSection(SolutionConfigurationPlatforms) = preSolution
		Debug|Any CPU = Debug|Any CPU
		Release|Any CPU = Release|Any CPU
	EndGlobalSection
	GlobalSection(ProjectConfigurationPlatforms) = postSolution
		{3228D22B-075C-48A5-B0C4-DCFE5439EEDF}.Debug|Any CPU.ActiveCfg = Debug|Any CPU
		{3228D22B-075C-48A5-B0C4-DCFE5439EEDF}.Debug|Any CPU.Build.0 = Debug|Any CPU
		{3228D22B-075C-48A5-B0C4-DCFE5439EEDF}.Release|Any CPU.ActiveCfg = Release|Any CPU
		{3228D22B-075C-48A5-B0C4-DCFE5439EEDF}.Release|Any CPU.Build.0 = Release|Any CPU
	EndGlobalSection
	GlobalSection(SolutionProperties) = preSolution
		HideSolutionNode = FALSE
	EndGlobalSection
	GlobalSection(ExtensibilityGlobals) = postSolution
		SolutionGuid = {C9167BD0-0B06-4EC9-BD9A-771B26CF15EF}
	EndGlobalSection
EndGlobal
